
Microsoft Visual Studio Solution File, Format Version 12.00
# Visual Studio Version 16
VisualStudioVersion = 16.0.30711.63
MinimumVisualStudioVersion = 10.0.40219.1
Project("{FAE04EC0-301F-11D3-BF4B-00C04F79EFBC}") = "3x + 1", "3x + 1\3x + 1.csproj", "{16193E36-E361-4E21-8FC3-9B7CB1DA527E}"
EndProject
Global
	GlobalSection(SolutionConfigurationPlatforms) = preSolution
		Debug|Any CPU = Debug|Any CPU
		Release|Any CPU = Release|Any CPU
	EndGlobalSection
	GlobalSection(ProjectConfigurationPlatforms) = postSolution
		{16193E36-E361-4E21-8FC3-9B7CB1DA527E}.Debug|Any CPU.ActiveCfg = Debug|Any CPU
		{16193E36-E361-4E21-8FC3-9B7CB1DA527E}.Debug|Any CPU.Build.0 = Debug|Any CPU
		{16193E36-E361-4E21-8FC3-9B7CB1DA527E}.Release|Any CPU.ActiveCfg = Release|Any CPU
		{16193E36-E361-4E21-8FC3-9B7CB1DA527E}.Release|Any CPU.Build.0 = Release|Any CPU
	EndGlobalSection
	GlobalSection(SolutionProperties) = preSolution
		HideSolutionNode = FALSE
	EndGlobalSection
	GlobalSection(ExtensibilityGlobals) = postSolution
		SolutionGuid = {36EE59ED-6106-4EA5-83DA-CAF74CA169A4}
	EndGlobalSection
EndGlobal
